
Microsoft Visual Studio Solution File, Format Version 12.00
# Visual Studio Version 17
VisualStudioVersion = 17.5.33414.496
MinimumVisualStudioVersion = 10.0.40219.1
Project("{FAE04EC0-301F-11D3-BF4B-00C04F79EFBC}") = "modul9_1302213035", "modul9_1302213035.csproj", "{52EE8122-6261-44E9-95CD-FA54148A363A}"
EndProject
Global
	GlobalSection(SolutionConfigurationPlatforms) = preSolution
		Debug|Any CPU = Debug|Any CPU
		Release|Any CPU = Release|Any CPU
	EndGlobalSection
	GlobalSection(ProjectConfigurationPlatforms) = postSolution
		{52EE8122-6261-44E9-95CD-FA54148A363A}.Debug|Any CPU.ActiveCfg = Debug|Any CPU
		{52EE8122-6261-44E9-95CD-FA54148A363A}.Debug|Any CPU.Build.0 = Debug|Any CPU
		{52EE8122-6261-44E9-95CD-FA54148A363A}.Release|Any CPU.ActiveCfg = Release|Any CPU
		{52EE8122-6261-44E9-95CD-FA54148A363A}.Release|Any CPU.Build.0 = Release|Any CPU
	EndGlobalSection
	GlobalSection(SolutionProperties) = preSolution
		HideSolutionNode = FALSE
	EndGlobalSection
	GlobalSection(ExtensibilityGlobals) = postSolution
		SolutionGuid = {347A1431-29F0-4D0F-8C5B-FA38520CC1F5}
	EndGlobalSection
EndGlobal
